
Microsoft Visual Studio Solution File, Format Version 12.00
# Visual Studio Version 17
VisualStudioVersion = 17.8.34330.188
MinimumVisualStudioVersion = 10.0.40219.1
Project("{FAE04EC0-301F-11D3-BF4B-00C04F79EFBC}") = "pharmacy.Api", "pharmacy.Api\pharmacy.Api.csproj", "{7A2FB80A-536A-48DB-AE5B-D035BA51BBCD}"
EndProject
Project("{FAE04EC0-301F-11D3-BF4B-00C04F79EFBC}") = "pharmacy.Core", "pharmacy.Core\pharmacy.Core.csproj", "{F841D959-C03D-456A-9D5A-AA26EC462192}"
EndProject
Project("{FAE04EC0-301F-11D3-BF4B-00C04F79EFBC}") = "pharmacy.Infrastructure", "pharmacy.Infrastructure\pharmacy.Infrastructure.csproj", "{F007C34E-A0AF-4C32-AEEE-18DDCB822DBB}"
EndProject
Global
	GlobalSection(SolutionConfigurationPlatforms) = preSolution
		Debug|Any CPU = Debug|Any CPU
		Release|Any CPU = Release|Any CPU
	EndGlobalSection
	GlobalSection(ProjectConfigurationPlatforms) = postSolution
		{7A2FB80A-536A-48DB-AE5B-D035BA51BBCD}.Debug|Any CPU.ActiveCfg = Debug|Any CPU
		{7A2FB80A-536A-48DB-AE5B-D035BA51BBCD}.Debug|Any CPU.Build.0 = Debug|Any CPU
		{7A2FB80A-536A-48DB-AE5B-D035BA51BBCD}.Release|Any CPU.ActiveCfg = Release|Any CPU
		{7A2FB80A-536A-48DB-AE5B-D035BA51BBCD}.Release|Any CPU.Build.0 = Release|Any CPU
		{F841D959-C03D-456A-9D5A-AA26EC462192}.Debug|Any CPU.ActiveCfg = Debug|Any CPU
		{F841D959-C03D-456A-9D5A-AA26EC462192}.Debug|Any CPU.Build.0 = Debug|Any CPU
		{F841D959-C03D-456A-9D5A-AA26EC462192}.Release|Any CPU.ActiveCfg = Release|Any CPU
		{F841D959-C03D-456A-9D5A-AA26EC462192}.Release|Any CPU.Build.0 = Release|Any CPU
		{F007C34E-A0AF-4C32-AEEE-18DDCB822DBB}.Debug|Any CPU.ActiveCfg = Debug|Any CPU
		{F007C34E-A0AF-4C32-AEEE-18DDCB822DBB}.Debug|Any CPU.Build.0 = Debug|Any CPU
		{F007C34E-A0AF-4C32-AEEE-18DDCB822DBB}.Release|Any CPU.ActiveCfg = Release|Any CPU
		{F007C34E-A0AF-4C32-AEEE-18DDCB822DBB}.Release|Any CPU.Build.0 = Release|Any CPU
	EndGlobalSection
	GlobalSection(SolutionProperties) = preSolution
		HideSolutionNode = FALSE
	EndGlobalSection
	GlobalSection(ExtensibilityGlobals) = postSolution
		SolutionGuid = {4C23BA07-ECB5-45E5-98C3-49F42D32F219}
	EndGlobalSection
EndGlobal
